
Microsoft Visual Studio Solution File, Format Version 12.00
# Visual Studio Version 16
VisualStudioVersion = 16.0.30804.86
MinimumVisualStudioVersion = 10.0.40219.1
Project("{FAE04EC0-301F-11D3-BF4B-00C04F79EFBC}") = "AppBoii", "AppBoii.csproj", "{9C1DD0E6-1D63-4028-B45A-C4FD10ABB0EC}"
EndProject
Global
	GlobalSection(SolutionConfigurationPlatforms) = preSolution
		Debug|Any CPU = Debug|Any CPU
		Release|Any CPU = Release|Any CPU
	EndGlobalSection
	GlobalSection(ProjectConfigurationPlatforms) = postSolution
		{9C1DD0E6-1D63-4028-B45A-C4FD10ABB0EC}.Debug|Any CPU.ActiveCfg = Debug|Any CPU
		{9C1DD0E6-1D63-4028-B45A-C4FD10ABB0EC}.Debug|Any CPU.Build.0 = Debug|Any CPU
		{9C1DD0E6-1D63-4028-B45A-C4FD10ABB0EC}.Release|Any CPU.ActiveCfg = Release|Any CPU
		{9C1DD0E6-1D63-4028-B45A-C4FD10ABB0EC}.Release|Any CPU.Build.0 = Release|Any CPU
	EndGlobalSection
	GlobalSection(SolutionProperties) = preSolution
		HideSolutionNode = FALSE
	EndGlobalSection
	GlobalSection(ExtensibilityGlobals) = postSolution
		SolutionGuid = {FC787EF2-C688-430A-879F-1A0137815879}
	EndGlobalSection
EndGlobal
